
Microsoft Visual Studio Solution File, Format Version 12.00
# Visual Studio Version 17
VisualStudioVersion = 17.5.33627.172
MinimumVisualStudioVersion = 10.0.40219.1
Project("{FAE04EC0-301F-11D3-BF4B-00C04F79EFBC}") = "ASPnetCF_FizzBuzz", "ASPnetCF_FizzBuzz\ASPnetCF_FizzBuzz.csproj", "{9F80484B-47FB-4A4F-8C07-0C8E9D1E0F47}"
EndProject
Global
	GlobalSection(SolutionConfigurationPlatforms) = preSolution
		Debug|Any CPU = Debug|Any CPU
		Release|Any CPU = Release|Any CPU
	EndGlobalSection
	GlobalSection(ProjectConfigurationPlatforms) = postSolution
		{9F80484B-47FB-4A4F-8C07-0C8E9D1E0F47}.Debug|Any CPU.ActiveCfg = Debug|Any CPU
		{9F80484B-47FB-4A4F-8C07-0C8E9D1E0F47}.Debug|Any CPU.Build.0 = Debug|Any CPU
		{9F80484B-47FB-4A4F-8C07-0C8E9D1E0F47}.Release|Any CPU.ActiveCfg = Release|Any CPU
		{9F80484B-47FB-4A4F-8C07-0C8E9D1E0F47}.Release|Any CPU.Build.0 = Release|Any CPU
	EndGlobalSection
	GlobalSection(SolutionProperties) = preSolution
		HideSolutionNode = FALSE
	EndGlobalSection
	GlobalSection(ExtensibilityGlobals) = postSolution
		SolutionGuid = {8EDA27F7-FDD7-470D-B35A-C9C6555587D1}
	EndGlobalSection
EndGlobal
